// !$*UTF8*$!
{
	archiveVersion = 1;
	classes = {
	};
	objectVersion = 51;
	objects = {

/* Begin PBXBuildFile section */
		7B03AF2324560B240015C19F /* InfoVC.swift in Sources */ = {isa = PBXBuildFile; fileRef = 7B03AF2224560B240015C19F /* InfoVC.swift */; };
		7B03AF26245648C30015C19F /* Pluto.swift in Sources */ = {isa = PBXBuildFile; fileRef = 7B03AF25245648C30015C19F /* Pluto.swift */; };
		7B0FC1E72454BDAF002DE71F /* MyProfileVC+Edit.swift in Sources */ = {isa = PBXBuildFile; fileRef = 7B0FC1E62454BDAF002DE71F /* MyProfileVC+Edit.swift */; };
		7B0FC1EB2454C28E002DE71F /* MyProfileEditor.swift in Sources */ = {isa = PBXBuildFile; fileRef = 7B0FC1EA2454C28E002DE71F /* MyProfileEditor.swift */; };
		7B1FBA872450BC0A0090BA60 /* InterestsFetcher.swift in Sources */ = {isa = PBXBuildFile; fileRef = 7B1FBA862450BC0A0090BA60 /* InterestsFetcher.swift */; };
		7B232585245114F800CDD49F /* UserProfile+Fetcher.swift in Sources */ = {isa = PBXBuildFile; fileRef = 7B232584245114F700CDD49F /* UserProfile+Fetcher.swift */; };
		7B293E6F244CC4C8003EE7BA /* UserProfileVC.swift in Sources */ = {isa = PBXBuildFile; fileRef = 7B293E6E244CC4C8003EE7BA /* UserProfileVC.swift */; };
		7B293E74244CC5F9003EE7BA /* InterestProfileVC.swift in Sources */ = {isa = PBXBuildFile; fileRef = 7B293E73244CC5F9003EE7BA /* InterestProfileVC.swift */; };
		7B293E77244CC61D003EE7BA /* Interest.swift in Sources */ = {isa = PBXBuildFile; fileRef = 7B293E76244CC61D003EE7BA /* Interest.swift */; };
		7B293E79244CC671003EE7BA /* UsersFetcher.swift in Sources */ = {isa = PBXBuildFile; fileRef = 7B293E78244CC671003EE7BA /* UsersFetcher.swift */; };
		7B293E86244E82D5003EE7BA /* SwipeVC.swift in Sources */ = {isa = PBXBuildFile; fileRef = 7B293E7B244E82D4003EE7BA /* SwipeVC.swift */; };
		7B293E87244E82D5003EE7BA /* ButtonStackView.swift in Sources */ = {isa = PBXBuildFile; fileRef = 7B293E7D244E82D4003EE7BA /* ButtonStackView.swift */; };
		7B293E88244E82D5003EE7BA /* MembersStackView.swift in Sources */ = {isa = PBXBuildFile; fileRef = 7B293E7E244E82D4003EE7BA /* MembersStackView.swift */; };
		7B293E89244E82D5003EE7BA /* TinderButton.swift in Sources */ = {isa = PBXBuildFile; fileRef = 7B293E7F244E82D4003EE7BA /* TinderButton.swift */; };
		7B293E8A244E82D5003EE7BA /* SampleCard.swift in Sources */ = {isa = PBXBuildFile; fileRef = 7B293E81244E82D4003EE7BA /* SampleCard.swift */; };
		7B293E8B244E82D5003EE7BA /* SampleCardContentView.swift in Sources */ = {isa = PBXBuildFile; fileRef = 7B293E82244E82D4003EE7BA /* SampleCardContentView.swift */; };
		7B293E8C244E82D5003EE7BA /* SampleCardOverlay.swift in Sources */ = {isa = PBXBuildFile; fileRef = 7B293E83244E82D4003EE7BA /* SampleCardOverlay.swift */; };
		7B293E8D244E82D5003EE7BA /* SampleCardFooterView.swift in Sources */ = {isa = PBXBuildFile; fileRef = 7B293E84244E82D4003EE7BA /* SampleCardFooterView.swift */; };
		7B293E8E244E82D5003EE7BA /* SampleCardModel.swift in Sources */ = {isa = PBXBuildFile; fileRef = 7B293E85244E82D4003EE7BA /* SampleCardModel.swift */; };
		7B6C3B3124594944004DBD9B /* MyProfileVC+Fetcher.swift in Sources */ = {isa = PBXBuildFile; fileRef = 7B6C3B3024594944004DBD9B /* MyProfileVC+Fetcher.swift */; };
		7B8D19B2244C09BD00F95F5B /* Utility.swift in Sources */ = {isa = PBXBuildFile; fileRef = 7B8D19B1244C09BD00F95F5B /* Utility.swift */; };
		7B8D19B4244C0A0D00F95F5B /* HomeTabBarVC.swift in Sources */ = {isa = PBXBuildFile; fileRef = 7B8D19B3244C0A0D00F95F5B /* HomeTabBarVC.swift */; };
		7B8D19B6244C0A4100F95F5B /* DirectoryVC.swift in Sources */ = {isa = PBXBuildFile; fileRef = 7B8D19B5244C0A4100F95F5B /* DirectoryVC.swift */; };
		7B8D19B8244C1AE900F95F5B /* DirectoryFetcher.swift in Sources */ = {isa = PBXBuildFile; fileRef = 7B8D19B7244C1AE900F95F5B /* DirectoryFetcher.swift */; };
		7B8D19BA244C1B0900F95F5B /* User.swift in Sources */ = {isa = PBXBuildFile; fileRef = 7B8D19B9244C1B0900F95F5B /* User.swift */; };
		7B8D19BC244C20B000F95F5B /* DirectoryVC+Fetcher.swift in Sources */ = {isa = PBXBuildFile; fileRef = 7B8D19BB244C20B000F95F5B /* DirectoryVC+Fetcher.swift */; };
		7B9154122457F60900BEB0FB /* SwipeVC+Fetcher.swift in Sources */ = {isa = PBXBuildFile; fileRef = 7B9154112457F60900BEB0FB /* SwipeVC+Fetcher.swift */; };
		7B9154142457F89300BEB0FB /* SwipeVC+Cardstack.swift in Sources */ = {isa = PBXBuildFile; fileRef = 7B9154132457F89300BEB0FB /* SwipeVC+Cardstack.swift */; };
		7B9223DB245211AC0057DECF /* MyProfileVC.swift in Sources */ = {isa = PBXBuildFile; fileRef = 7B9223DA245211AC0057DECF /* MyProfileVC.swift */; };
		7B9223DE2452991A0057DECF /* ConnectionVC.swift in Sources */ = {isa = PBXBuildFile; fileRef = 7B9223DD2452991A0057DECF /* ConnectionVC.swift */; };
		7B9B9D552453B36B001D1181 /* Connection.swift in Sources */ = {isa = PBXBuildFile; fileRef = 7B9B9D542453B36B001D1181 /* Connection.swift */; };
		7B9B9D572453CA5B001D1181 /* SwipeManager.swift in Sources */ = {isa = PBXBuildFile; fileRef = 7B9B9D562453CA5B001D1181 /* SwipeManager.swift */; };
		7BA018AD2451711300228372 /* InterestProfile+Fetcher.swift in Sources */ = {isa = PBXBuildFile; fileRef = 7BA018AC2451711300228372 /* InterestProfile+Fetcher.swift */; };
		7BA7F1AC245B665F00E330D1 /* CardLayoutProvider.swift in Sources */ = {isa = PBXBuildFile; fileRef = 7BA7F195245B665E00E330D1 /* CardLayoutProvider.swift */; };
		7BA7F1AD245B665F00E330D1 /* CardAnimationOptions.swift in Sources */ = {isa = PBXBuildFile; fileRef = 7BA7F196245B665E00E330D1 /* CardAnimationOptions.swift */; };
		7BA7F1AE245B665F00E330D1 /* SwipeView.swift in Sources */ = {isa = PBXBuildFile; fileRef = 7BA7F197245B665E00E330D1 /* SwipeView.swift */; };
		7BA7F1AF245B665F00E330D1 /* CardTransformProvider.swift in Sources */ = {isa = PBXBuildFile; fileRef = 7BA7F198245B665E00E330D1 /* CardTransformProvider.swift */; };
		7BA7F1B0245B665F00E330D1 /* CardAnimator.swift in Sources */ = {isa = PBXBuildFile; fileRef = 7BA7F199245B665E00E330D1 /* CardAnimator.swift */; };
		7BA7F1B1245B665F00E330D1 /* SwipeCardDelegate.swift in Sources */ = {isa = PBXBuildFile; fileRef = 7BA7F19A245B665E00E330D1 /* SwipeCardDelegate.swift */; };
		7BA7F1B2245B665F00E330D1 /* SwipeCard.swift in Sources */ = {isa = PBXBuildFile; fileRef = 7BA7F19B245B665E00E330D1 /* SwipeCard.swift */; };
		7BA7F1B3245B665F00E330D1 /* SwipeCardStackDataSource.swift in Sources */ = {isa = PBXBuildFile; fileRef = 7BA7F19D245B665E00E330D1 /* SwipeCardStackDataSource.swift */; };
		7BA7F1B4245B665F00E330D1 /* CardStackAnimationOptions.swift in Sources */ = {isa = PBXBuildFile; fileRef = 7BA7F19E245B665E00E330D1 /* CardStackAnimationOptions.swift */; };
		7BA7F1B5245B665F00E330D1 /* CardStackAnimator.swift in Sources */ = {isa = PBXBuildFile; fileRef = 7BA7F19F245B665E00E330D1 /* CardStackAnimator.swift */; };
		7BA7F1B6245B665F00E330D1 /* SwipeCardStack.swift in Sources */ = {isa = PBXBuildFile; fileRef = 7BA7F1A0245B665E00E330D1 /* SwipeCardStack.swift */; };
		7BA7F1B7245B665F00E330D1 /* CardStackTransformProvider.swift in Sources */ = {isa = PBXBuildFile; fileRef = 7BA7F1A1245B665E00E330D1 /* CardStackTransformProvider.swift */; };
		7BA7F1B8245B665F00E330D1 /* SwipeCardStackDelegate.swift in Sources */ = {isa = PBXBuildFile; fileRef = 7BA7F1A2245B665E00E330D1 /* SwipeCardStackDelegate.swift */; };
		7BA7F1B9245B665F00E330D1 /* CardStackLayoutProvider.swift in Sources */ = {isa = PBXBuildFile; fileRef = 7BA7F1A3245B665E00E330D1 /* CardStackLayoutProvider.swift */; };
		7BA7F1BA245B665F00E330D1 /* CardStackStateManager.swift in Sources */ = {isa = PBXBuildFile; fileRef = 7BA7F1A4245B665E00E330D1 /* CardStackStateManager.swift */; };
		7BA7F1BB245B665F00E330D1 /* SwipeDirection.swift in Sources */ = {isa = PBXBuildFile; fileRef = 7BA7F1A5245B665E00E330D1 /* SwipeDirection.swift */; };
		7BA7F1BC245B665F00E330D1 /* Array+Extensions.swift in Sources */ = {isa = PBXBuildFile; fileRef = 7BA7F1A7245B665E00E330D1 /* Array+Extensions.swift */; };
		7BA7F1BD245B665F00E330D1 /* CGVector+Extensions.swift in Sources */ = {isa = PBXBuildFile; fileRef = 7BA7F1A8245B665E00E330D1 /* CGVector+Extensions.swift */; };
		7BA7F1BE245B665F00E330D1 /* UIView+Extensions.swift in Sources */ = {isa = PBXBuildFile; fileRef = 7BA7F1A9245B665E00E330D1 /* UIView+Extensions.swift */; };
		7BA7F1BF245B665F00E330D1 /* CGPoint+Extensions.swift in Sources */ = {isa = PBXBuildFile; fileRef = 7BA7F1AA245B665E00E330D1 /* CGPoint+Extensions.swift */; };
		7BA7F1C0245B665F00E330D1 /* Animator.swift in Sources */ = {isa = PBXBuildFile; fileRef = 7BA7F1AB245B665E00E330D1 /* Animator.swift */; };
		7BA7F1C7245B9E2500E330D1 /* LoginView+Button.swift in Sources */ = {isa = PBXBuildFile; fileRef = 7BA7F1C2245B9E2500E330D1 /* LoginView+Button.swift */; };
		7BA7F1C8245B9E2500E330D1 /* LoginView.swift in Sources */ = {isa = PBXBuildFile; fileRef = 7BA7F1C3245B9E2500E330D1 /* LoginView.swift */; };
		7BA7F1C9245B9E2500E330D1 /* SignupView+Button.swift in Sources */ = {isa = PBXBuildFile; fileRef = 7BA7F1C4245B9E2500E330D1 /* SignupView+Button.swift */; };
		7BA7F1CA245B9E2500E330D1 /* LoginManager.swift in Sources */ = {isa = PBXBuildFile; fileRef = 7BA7F1C5245B9E2500E330D1 /* LoginManager.swift */; };
		7BA7F1CB245B9E2500E330D1 /* SignupView.swift in Sources */ = {isa = PBXBuildFile; fileRef = 7BA7F1C6245B9E2500E330D1 /* SignupView.swift */; };
		7BAB8DFD244BB50E00997AD6 /* AppDelegate.swift in Sources */ = {isa = PBXBuildFile; fileRef = 7BAB8DFC244BB50E00997AD6 /* AppDelegate.swift */; };
		7BAB8E01244BB50E00997AD6 /* ViewController.swift in Sources */ = {isa = PBXBuildFile; fileRef = 7BAB8E00244BB50E00997AD6 /* ViewController.swift */; };
		7BAB8E04244BB50E00997AD6 /* Main.storyboard in Resources */ = {isa = PBXBuildFile; fileRef = 7BAB8E02244BB50E00997AD6 /* Main.storyboard */; };
		7BAB8E06244BB51100997AD6 /* Assets.xcassets in Resources */ = {isa = PBXBuildFile; fileRef = 7BAB8E05244BB51100997AD6 /* Assets.xcassets */; };
		7BAB8E09244BB51100997AD6 /* LaunchScreen.storyboard in Resources */ = {isa = PBXBuildFile; fileRef = 7BAB8E07244BB51100997AD6 /* LaunchScreen.storyboard */; };
		7BAB8E11244BB6F900997AD6 /* GoogleService-Info.plist in Resources */ = {isa = PBXBuildFile; fileRef = 7BAB8E10244BB6F900997AD6 /* GoogleService-Info.plist */; };
		7BC9115024552A6900010D1B /* ConnectionVC+Fetcher.swift in Sources */ = {isa = PBXBuildFile; fileRef = 7BC9114F24552A6900010D1B /* ConnectionVC+Fetcher.swift */; };
		7BC911532455337800010D1B /* SettingsVC.swift in Sources */ = {isa = PBXBuildFile; fileRef = 7BC911522455337800010D1B /* SettingsVC.swift */; };
		7BCBC580245D4C0000CF7391 /* MyUserFetcher.swift in Sources */ = {isa = PBXBuildFile; fileRef = 7BCBC57F245D4C0000CF7391 /* MyUserFetcher.swift */; };
		7BE53B532467D66A0016F85E /* MemberCell.swift in Sources */ = {isa = PBXBuildFile; fileRef = 7BE53B522467D66A0016F85E /* MemberCell.swift */; };
		7BF82F7324539377005C3ED7 /* MyUserProfileFetcher.swift in Sources */ = {isa = PBXBuildFile; fileRef = 7BF82F7224539377005C3ED7 /* MyUserProfileFetcher.swift */; };
		9486725C9A7FD3366CD16B31 /* Pods_Pluto.framework in Frameworks */ = {isa = PBXBuildFile; fileRef = D46D77F7A7890B9A0F51CD19 /* Pods_Pluto.framework */; };
/* End PBXBuildFile section */

/* Begin PBXFileReference section */
		78B2CCD9E46C2CFA21DDE793 /* Pods-Pluto.release.xcconfig */ = {isa = PBXFileReference; includeInIndex = 1; lastKnownFileType = text.xcconfig; name = "Pods-Pluto.release.xcconfig"; path = "Target Support Files/Pods-Pluto/Pods-Pluto.release.xcconfig"; sourceTree = "<group>"; };
		7B03AF2224560B240015C19F /* InfoVC.swift */ = {isa = PBXFileReference; lastKnownFileType = sourcecode.swift; path = InfoVC.swift; sourceTree = "<group>"; };
		7B03AF25245648C30015C19F /* Pluto.swift */ = {isa = PBXFileReference; lastKnownFileType = sourcecode.swift; path = Pluto.swift; sourceTree = "<group>"; };
		7B0FC1E62454BDAF002DE71F /* MyProfileVC+Edit.swift */ = {isa = PBXFileReference; lastKnownFileType = sourcecode.swift; path = "MyProfileVC+Edit.swift"; sourceTree = "<group>"; };
		7B0FC1EA2454C28E002DE71F /* MyProfileEditor.swift */ = {isa = PBXFileReference; lastKnownFileType = sourcecode.swift; path = MyProfileEditor.swift; sourceTree = "<group>"; };
		7B1FBA862450BC0A0090BA60 /* InterestsFetcher.swift */ = {isa = PBXFileReference; lastKnownFileType = sourcecode.swift; path = InterestsFetcher.swift; sourceTree = "<group>"; };
		7B232584245114F700CDD49F /* UserProfile+Fetcher.swift */ = {isa = PBXFileReference; lastKnownFileType = sourcecode.swift; path = "UserProfile+Fetcher.swift"; sourceTree = "<group>"; };
		7B293E6E244CC4C8003EE7BA /* UserProfileVC.swift */ = {isa = PBXFileReference; lastKnownFileType = sourcecode.swift; path = UserProfileVC.swift; sourceTree = "<group>"; };
		7B293E73244CC5F9003EE7BA /* InterestProfileVC.swift */ = {isa = PBXFileReference; lastKnownFileType = sourcecode.swift; path = InterestProfileVC.swift; sourceTree = "<group>"; };
		7B293E76244CC61D003EE7BA /* Interest.swift */ = {isa = PBXFileReference; lastKnownFileType = sourcecode.swift; path = Interest.swift; sourceTree = "<group>"; };
		7B293E78244CC671003EE7BA /* UsersFetcher.swift */ = {isa = PBXFileReference; lastKnownFileType = sourcecode.swift; path = UsersFetcher.swift; sourceTree = "<group>"; };
		7B293E7B244E82D4003EE7BA /* SwipeVC.swift */ = {isa = PBXFileReference; fileEncoding = 4; lastKnownFileType = sourcecode.swift; path = SwipeVC.swift; sourceTree = "<group>"; };
		7B293E7D244E82D4003EE7BA /* ButtonStackView.swift */ = {isa = PBXFileReference; fileEncoding = 4; lastKnownFileType = sourcecode.swift; path = ButtonStackView.swift; sourceTree = "<group>"; };
		7B293E7E244E82D4003EE7BA /* MembersStackView.swift */ = {isa = PBXFileReference; fileEncoding = 4; lastKnownFileType = sourcecode.swift; path = MembersStackView.swift; sourceTree = "<group>"; };
		7B293E7F244E82D4003EE7BA /* TinderButton.swift */ = {isa = PBXFileReference; fileEncoding = 4; lastKnownFileType = sourcecode.swift; path = TinderButton.swift; sourceTree = "<group>"; };
		7B293E81244E82D4003EE7BA /* SampleCard.swift */ = {isa = PBXFileReference; fileEncoding = 4; lastKnownFileType = sourcecode.swift; path = SampleCard.swift; sourceTree = "<group>"; };
		7B293E82244E82D4003EE7BA /* SampleCardContentView.swift */ = {isa = PBXFileReference; fileEncoding = 4; lastKnownFileType = sourcecode.swift; path = SampleCardContentView.swift; sourceTree = "<group>"; };
		7B293E83244E82D4003EE7BA /* SampleCardOverlay.swift */ = {isa = PBXFileReference; fileEncoding = 4; lastKnownFileType = sourcecode.swift; path = SampleCardOverlay.swift; sourceTree = "<group>"; };
		7B293E84244E82D4003EE7BA /* SampleCardFooterView.swift */ = {isa = PBXFileReference; fileEncoding = 4; lastKnownFileType = sourcecode.swift; path = SampleCardFooterView.swift; sourceTree = "<group>"; };
		7B293E85244E82D4003EE7BA /* SampleCardModel.swift */ = {isa = PBXFileReference; fileEncoding = 4; lastKnownFileType = sourcecode.swift; path = SampleCardModel.swift; sourceTree = "<group>"; };
		7B6C3B3024594944004DBD9B /* MyProfileVC+Fetcher.swift */ = {isa = PBXFileReference; lastKnownFileType = sourcecode.swift; path = "MyProfileVC+Fetcher.swift"; sourceTree = "<group>"; };
		7B8D19B1244C09BD00F95F5B /* Utility.swift */ = {isa = PBXFileReference; lastKnownFileType = sourcecode.swift; path = Utility.swift; sourceTree = "<group>"; };
		7B8D19B3244C0A0D00F95F5B /* HomeTabBarVC.swift */ = {isa = PBXFileReference; lastKnownFileType = sourcecode.swift; path = HomeTabBarVC.swift; sourceTree = "<group>"; };
		7B8D19B5244C0A4100F95F5B /* DirectoryVC.swift */ = {isa = PBXFileReference; lastKnownFileType = sourcecode.swift; path = DirectoryVC.swift; sourceTree = "<group>"; };
		7B8D19B7244C1AE900F95F5B /* DirectoryFetcher.swift */ = {isa = PBXFileReference; lastKnownFileType = sourcecode.swift; path = DirectoryFetcher.swift; sourceTree = "<group>"; };
		7B8D19B9244C1B0900F95F5B /* User.swift */ = {isa = PBXFileReference; lastKnownFileType = sourcecode.swift; path = User.swift; sourceTree = "<group>"; };
		7B8D19BB244C20B000F95F5B /* DirectoryVC+Fetcher.swift */ = {isa = PBXFileReference; lastKnownFileType = sourcecode.swift; path = "DirectoryVC+Fetcher.swift"; sourceTree = "<group>"; };
		7B9154112457F60900BEB0FB /* SwipeVC+Fetcher.swift */ = {isa = PBXFileReference; lastKnownFileType = sourcecode.swift; path = "SwipeVC+Fetcher.swift"; sourceTree = "<group>"; };
		7B9154132457F89300BEB0FB /* SwipeVC+Cardstack.swift */ = {isa = PBXFileReference; lastKnownFileType = sourcecode.swift; path = "SwipeVC+Cardstack.swift"; sourceTree = "<group>"; };
		7B9223DA245211AC0057DECF /* MyProfileVC.swift */ = {isa = PBXFileReference; lastKnownFileType = sourcecode.swift; path = MyProfileVC.swift; sourceTree = "<group>"; };
		7B9223DD2452991A0057DECF /* ConnectionVC.swift */ = {isa = PBXFileReference; lastKnownFileType = sourcecode.swift; path = ConnectionVC.swift; sourceTree = "<group>"; };
		7B9B9D542453B36B001D1181 /* Connection.swift */ = {isa = PBXFileReference; lastKnownFileType = sourcecode.swift; path = Connection.swift; sourceTree = "<group>"; };
		7B9B9D562453CA5B001D1181 /* SwipeManager.swift */ = {isa = PBXFileReference; lastKnownFileType = sourcecode.swift; path = SwipeManager.swift; sourceTree = "<group>"; };
		7BA018AC2451711300228372 /* InterestProfile+Fetcher.swift */ = {isa = PBXFileReference; lastKnownFileType = sourcecode.swift; path = "InterestProfile+Fetcher.swift"; sourceTree = "<group>"; };
		7BA7F195245B665E00E330D1 /* CardLayoutProvider.swift */ = {isa = PBXFileReference; fileEncoding = 4; lastKnownFileType = sourcecode.swift; path = CardLayoutProvider.swift; sourceTree = "<group>"; };
		7BA7F196245B665E00E330D1 /* CardAnimationOptions.swift */ = {isa = PBXFileReference; fileEncoding = 4; lastKnownFileType = sourcecode.swift; path = CardAnimationOptions.swift; sourceTree = "<group>"; };
		7BA7F197245B665E00E330D1 /* SwipeView.swift */ = {isa = PBXFileReference; fileEncoding = 4; lastKnownFileType = sourcecode.swift; path = SwipeView.swift; sourceTree = "<group>"; };
		7BA7F198245B665E00E330D1 /* CardTransformProvider.swift */ = {isa = PBXFileReference; fileEncoding = 4; lastKnownFileType = sourcecode.swift; path = CardTransformProvider.swift; sourceTree = "<group>"; };
		7BA7F199245B665E00E330D1 /* CardAnimator.swift */ = {isa = PBXFileReference; fileEncoding = 4; lastKnownFileType = sourcecode.swift; path = CardAnimator.swift; sourceTree = "<group>"; };
		7BA7F19A245B665E00E330D1 /* SwipeCardDelegate.swift */ = {isa = PBXFileReference; fileEncoding = 4; lastKnownFileType = sourcecode.swift; path = SwipeCardDelegate.swift; sourceTree = "<group>"; };
		7BA7F19B245B665E00E330D1 /* SwipeCard.swift */ = {isa = PBXFileReference; fileEncoding = 4; lastKnownFileType = sourcecode.swift; path = SwipeCard.swift; sourceTree = "<group>"; };
		7BA7F19D245B665E00E330D1 /* SwipeCardStackDataSource.swift */ = {isa = PBXFileReference; fileEncoding = 4; lastKnownFileType = sourcecode.swift; path = SwipeCardStackDataSource.swift; sourceTree = "<group>"; };
		7BA7F19E245B665E00E330D1 /* CardStackAnimationOptions.swift */ = {isa = PBXFileReference; fileEncoding = 4; lastKnownFileType = sourcecode.swift; path = CardStackAnimationOptions.swift; sourceTree = "<group>"; };
		7BA7F19F245B665E00E330D1 /* CardStackAnimator.swift */ = {isa = PBXFileReference; fileEncoding = 4; lastKnownFileType = sourcecode.swift; path = CardStackAnimator.swift; sourceTree = "<group>"; };
		7BA7F1A0245B665E00E330D1 /* SwipeCardStack.swift */ = {isa = PBXFileReference; fileEncoding = 4; lastKnownFileType = sourcecode.swift; path = SwipeCardStack.swift; sourceTree = "<group>"; };
		7BA7F1A1245B665E00E330D1 /* CardStackTransformProvider.swift */ = {isa = PBXFileReference; fileEncoding = 4; lastKnownFileType = sourcecode.swift; path = CardStackTransformProvider.swift; sourceTree = "<group>"; };
		7BA7F1A2245B665E00E330D1 /* SwipeCardStackDelegate.swift */ = {isa = PBXFileReference; fileEncoding = 4; lastKnownFileType = sourcecode.swift; path = SwipeCardStackDelegate.swift; sourceTree = "<group>"; };
		7BA7F1A3245B665E00E330D1 /* CardStackLayoutProvider.swift */ = {isa = PBXFileReference; fileEncoding = 4; lastKnownFileType = sourcecode.swift; path = CardStackLayoutProvider.swift; sourceTree = "<group>"; };
		7BA7F1A4245B665E00E330D1 /* CardStackStateManager.swift */ = {isa = PBXFileReference; fileEncoding = 4; lastKnownFileType = sourcecode.swift; path = CardStackStateManager.swift; sourceTree = "<group>"; };
		7BA7F1A5245B665E00E330D1 /* SwipeDirection.swift */ = {isa = PBXFileReference; fileEncoding = 4; lastKnownFileType = sourcecode.swift; path = SwipeDirection.swift; sourceTree = "<group>"; };
		7BA7F1A7245B665E00E330D1 /* Array+Extensions.swift */ = {isa = PBXFileReference; fileEncoding = 4; lastKnownFileType = sourcecode.swift; path = "Array+Extensions.swift"; sourceTree = "<group>"; };
		7BA7F1A8245B665E00E330D1 /* CGVector+Extensions.swift */ = {isa = PBXFileReference; fileEncoding = 4; lastKnownFileType = sourcecode.swift; path = "CGVector+Extensions.swift"; sourceTree = "<group>"; };
		7BA7F1A9245B665E00E330D1 /* UIView+Extensions.swift */ = {isa = PBXFileReference; fileEncoding = 4; lastKnownFileType = sourcecode.swift; path = "UIView+Extensions.swift"; sourceTree = "<group>"; };
		7BA7F1AA245B665E00E330D1 /* CGPoint+Extensions.swift */ = {isa = PBXFileReference; fileEncoding = 4; lastKnownFileType = sourcecode.swift; path = "CGPoint+Extensions.swift"; sourceTree = "<group>"; };
		7BA7F1AB245B665E00E330D1 /* Animator.swift */ = {isa = PBXFileReference; fileEncoding = 4; lastKnownFileType = sourcecode.swift; path = Animator.swift; sourceTree = "<group>"; };
		7BA7F1C2245B9E2500E330D1 /* LoginView+Button.swift */ = {isa = PBXFileReference; fileEncoding = 4; lastKnownFileType = sourcecode.swift; path = "LoginView+Button.swift"; sourceTree = "<group>"; };
		7BA7F1C3245B9E2500E330D1 /* LoginView.swift */ = {isa = PBXFileReference; fileEncoding = 4; lastKnownFileType = sourcecode.swift; path = LoginView.swift; sourceTree = "<group>"; };
		7BA7F1C4245B9E2500E330D1 /* SignupView+Button.swift */ = {isa = PBXFileReference; fileEncoding = 4; lastKnownFileType = sourcecode.swift; path = "SignupView+Button.swift"; sourceTree = "<group>"; };
		7BA7F1C5245B9E2500E330D1 /* LoginManager.swift */ = {isa = PBXFileReference; fileEncoding = 4; lastKnownFileType = sourcecode.swift; path = LoginManager.swift; sourceTree = "<group>"; };
		7BA7F1C6245B9E2500E330D1 /* SignupView.swift */ = {isa = PBXFileReference; fileEncoding = 4; lastKnownFileType = sourcecode.swift; path = SignupView.swift; sourceTree = "<group>"; };
		7BAB8DF9244BB50E00997AD6 /* Pluto.app */ = {isa = PBXFileReference; explicitFileType = wrapper.application; includeInIndex = 0; path = Pluto.app; sourceTree = BUILT_PRODUCTS_DIR; };
		7BAB8DFC244BB50E00997AD6 /* AppDelegate.swift */ = {isa = PBXFileReference; lastKnownFileType = sourcecode.swift; path = AppDelegate.swift; sourceTree = "<group>"; };
		7BAB8E00244BB50E00997AD6 /* ViewController.swift */ = {isa = PBXFileReference; lastKnownFileType = sourcecode.swift; path = ViewController.swift; sourceTree = "<group>"; };
		7BAB8E03244BB50E00997AD6 /* Base */ = {isa = PBXFileReference; lastKnownFileType = file.storyboard; name = Base; path = Base.lproj/Main.storyboard; sourceTree = "<group>"; };
		7BAB8E05244BB51100997AD6 /* Assets.xcassets */ = {isa = PBXFileReference; lastKnownFileType = folder.assetcatalog; path = Assets.xcassets; sourceTree = "<group>"; };
		7BAB8E08244BB51100997AD6 /* Base */ = {isa = PBXFileReference; lastKnownFileType = file.storyboard; name = Base; path = Base.lproj/LaunchScreen.storyboard; sourceTree = "<group>"; };
		7BAB8E0A244BB51100997AD6 /* Info.plist */ = {isa = PBXFileReference; lastKnownFileType = text.plist.xml; path = Info.plist; sourceTree = "<group>"; };
		7BAB8E10244BB6F900997AD6 /* GoogleService-Info.plist */ = {isa = PBXFileReference; fileEncoding = 4; lastKnownFileType = text.plist.xml; path = "GoogleService-Info.plist"; sourceTree = "<group>"; };
		7BC9114F24552A6900010D1B /* ConnectionVC+Fetcher.swift */ = {isa = PBXFileReference; lastKnownFileType = sourcecode.swift; path = "ConnectionVC+Fetcher.swift"; sourceTree = "<group>"; };
		7BC911522455337800010D1B /* SettingsVC.swift */ = {isa = PBXFileReference; lastKnownFileType = sourcecode.swift; path = SettingsVC.swift; sourceTree = "<group>"; };
		7BCBC57F245D4C0000CF7391 /* MyUserFetcher.swift */ = {isa = PBXFileReference; lastKnownFileType = sourcecode.swift; path = MyUserFetcher.swift; sourceTree = "<group>"; };
		7BE53B522467D66A0016F85E /* MemberCell.swift */ = {isa = PBXFileReference; lastKnownFileType = sourcecode.swift; path = MemberCell.swift; sourceTree = "<group>"; };
		7BF82F7224539377005C3ED7 /* MyUserProfileFetcher.swift */ = {isa = PBXFileReference; lastKnownFileType = sourcecode.swift; path = MyUserProfileFetcher.swift; sourceTree = "<group>"; };
		D46D77F7A7890B9A0F51CD19 /* Pods_Pluto.framework */ = {isa = PBXFileReference; explicitFileType = wrapper.framework; includeInIndex = 0; path = Pods_Pluto.framework; sourceTree = BUILT_PRODUCTS_DIR; };
		F40BFB02DEC767AA9A665CA4 /* Pods-Pluto.debug.xcconfig */ = {isa = PBXFileReference; includeInIndex = 1; lastKnownFileType = text.xcconfig; name = "Pods-Pluto.debug.xcconfig"; path = "Target Support Files/Pods-Pluto/Pods-Pluto.debug.xcconfig"; sourceTree = "<group>"; };
/* End PBXFileReference section */

/* Begin PBXFrameworksBuildPhase section */
		7BAB8DF6244BB50E00997AD6 /* Frameworks */ = {
			isa = PBXFrameworksBuildPhase;
			buildActionMask = 2147483647;
			files = (
				9486725C9A7FD3366CD16B31 /* Pods_Pluto.framework in Frameworks */,
			);
			runOnlyForDeploymentPostprocessing = 0;
		};
/* End PBXFrameworksBuildPhase section */

/* Begin PBXGroup section */
		7B03AF2424561AC10015C19F /* Model */ = {
			isa = PBXGroup;
			children = (
				7B0FC1EA2454C28E002DE71F /* MyProfileEditor.swift */,
				7BF82F7224539377005C3ED7 /* MyUserProfileFetcher.swift */,
			);
			path = Model;
			sourceTree = "<group>";
		};
		7B293E6D244CC4A0003EE7BA /* UserProfile */ = {
			isa = PBXGroup;
			children = (
				7B293E76244CC61D003EE7BA /* Interest.swift */,
				7B1FBA862450BC0A0090BA60 /* InterestsFetcher.swift */,
				7B293E6E244CC4C8003EE7BA /* UserProfileVC.swift */,
				7B232584245114F700CDD49F /* UserProfile+Fetcher.swift */,
			);
			path = UserProfile;
			sourceTree = "<group>";
		};
		7B293E72244CC5E3003EE7BA /* InterestProfile */ = {
			isa = PBXGroup;
			children = (
				7B293E75244CC613003EE7BA /* Model */,
				7B293E73244CC5F9003EE7BA /* InterestProfileVC.swift */,
				7BA018AC2451711300228372 /* InterestProfile+Fetcher.swift */,
			);
			path = InterestProfile;
			sourceTree = "<group>";
		};
		7B293E75244CC613003EE7BA /* Model */ = {
			isa = PBXGroup;
			children = (
				7B293E78244CC671003EE7BA /* UsersFetcher.swift */,
			);
			path = Model;
			sourceTree = "<group>";
		};
		7B293E7A244E82D4003EE7BA /* Swipe */ = {
			isa = PBXGroup;
			children = (
				7B9B9D562453CA5B001D1181 /* SwipeManager.swift */,
				7B293E7B244E82D4003EE7BA /* SwipeVC.swift */,
				7B9154112457F60900BEB0FB /* SwipeVC+Fetcher.swift */,
				7B9154132457F89300BEB0FB /* SwipeVC+Cardstack.swift */,
				7B293E7C244E82D4003EE7BA /* Views */,
			);
			path = Swipe;
			sourceTree = "<group>";
		};
		7B293E7C244E82D4003EE7BA /* Views */ = {
			isa = PBXGroup;
			children = (
				7BE53B512467D6480016F85E /* MemberStack */,
				7B293E7D244E82D4003EE7BA /* ButtonStackView.swift */,
				7B293E7F244E82D4003EE7BA /* TinderButton.swift */,
				7B293E80244E82D4003EE7BA /* SampleCard */,
			);
			path = Views;
			sourceTree = "<group>";
		};
		7B293E80244E82D4003EE7BA /* SampleCard */ = {
			isa = PBXGroup;
			children = (
				7B293E81244E82D4003EE7BA /* SampleCard.swift */,
				7B293E82244E82D4003EE7BA /* SampleCardContentView.swift */,
				7B293E83244E82D4003EE7BA /* SampleCardOverlay.swift */,
				7B293E84244E82D4003EE7BA /* SampleCardFooterView.swift */,
				7B293E85244E82D4003EE7BA /* SampleCardModel.swift */,
			);
			path = SampleCard;
			sourceTree = "<group>";
		};
		7B8D19AE244C096900F95F5B /* Directory */ = {
			isa = PBXGroup;
			children = (
				7B8D19BD244C20EE00F95F5B /* Model */,
				7B8D19B5244C0A4100F95F5B /* DirectoryVC.swift */,
				7B8D19BB244C20B000F95F5B /* DirectoryVC+Fetcher.swift */,
			);
			path = Directory;
			sourceTree = "<group>";
		};
		7B8D19BD244C20EE00F95F5B /* Model */ = {
			isa = PBXGroup;
			children = (
				7B8D19B9244C1B0900F95F5B /* User.swift */,
				7B8D19B7244C1AE900F95F5B /* DirectoryFetcher.swift */,
				7BCBC57F245D4C0000CF7391 /* MyUserFetcher.swift */,
			);
			path = Model;
			sourceTree = "<group>";
		};
		7B9223D92452119C0057DECF /* MyProfile */ = {
			isa = PBXGroup;
			children = (
				7B03AF2424561AC10015C19F /* Model */,
				7B9223DA245211AC0057DECF /* MyProfileVC.swift */,
				7B0FC1E62454BDAF002DE71F /* MyProfileVC+Edit.swift */,
				7B6C3B3024594944004DBD9B /* MyProfileVC+Fetcher.swift */,
			);
			path = MyProfile;
			sourceTree = "<group>";
		};
		7B9223DC245299070057DECF /* Connection */ = {
			isa = PBXGroup;
			children = (
				7B9B9D542453B36B001D1181 /* Connection.swift */,
				7B9223DD2452991A0057DECF /* ConnectionVC.swift */,
				7BC9114F24552A6900010D1B /* ConnectionVC+Fetcher.swift */,
			);
			path = Connection;
			sourceTree = "<group>";
		};
		7BA7F193245B665E00E330D1 /* Shuffle */ = {
			isa = PBXGroup;
			children = (
				7BA7F194245B665E00E330D1 /* SwipeCard */,
				7BA7F19C245B665E00E330D1 /* SwipeCardStack */,
				7BA7F1A5245B665E00E330D1 /* SwipeDirection.swift */,
				7BA7F1A6245B665E00E330D1 /* Internal */,
				7BA7F1AB245B665E00E330D1 /* Animator.swift */,
			);
			path = Shuffle;
			sourceTree = "<group>";
		};
		7BA7F194245B665E00E330D1 /* SwipeCard */ = {
			isa = PBXGroup;
			children = (
				7BA7F195245B665E00E330D1 /* CardLayoutProvider.swift */,
				7BA7F196245B665E00E330D1 /* CardAnimationOptions.swift */,
				7BA7F197245B665E00E330D1 /* SwipeView.swift */,
				7BA7F198245B665E00E330D1 /* CardTransformProvider.swift */,
				7BA7F199245B665E00E330D1 /* CardAnimator.swift */,
				7BA7F19A245B665E00E330D1 /* SwipeCardDelegate.swift */,
				7BA7F19B245B665E00E330D1 /* SwipeCard.swift */,
			);
			path = SwipeCard;
			sourceTree = "<group>";
		};
		7BA7F19C245B665E00E330D1 /* SwipeCardStack */ = {
			isa = PBXGroup;
			children = (
				7BA7F19D245B665E00E330D1 /* SwipeCardStackDataSource.swift */,
				7BA7F19E245B665E00E330D1 /* CardStackAnimationOptions.swift */,
				7BA7F19F245B665E00E330D1 /* CardStackAnimator.swift */,
				7BA7F1A0245B665E00E330D1 /* SwipeCardStack.swift */,
				7BA7F1A1245B665E00E330D1 /* CardStackTransformProvider.swift */,
				7BA7F1A2245B665E00E330D1 /* SwipeCardStackDelegate.swift */,
				7BA7F1A3245B665E00E330D1 /* CardStackLayoutProvider.swift */,
				7BA7F1A4245B665E00E330D1 /* CardStackStateManager.swift */,
			);
			path = SwipeCardStack;
			sourceTree = "<group>";
		};
		7BA7F1A6245B665E00E330D1 /* Internal */ = {
			isa = PBXGroup;
			children = (
				7BA7F1A7245B665E00E330D1 /* Array+Extensions.swift */,
				7BA7F1A8245B665E00E330D1 /* CGVector+Extensions.swift */,
				7BA7F1A9245B665E00E330D1 /* UIView+Extensions.swift */,
				7BA7F1AA245B665E00E330D1 /* CGPoint+Extensions.swift */,
			);
			path = Internal;
			sourceTree = "<group>";
		};
		7BA7F1C1245B9E2500E330D1 /* LoginManager */ = {
			isa = PBXGroup;
			children = (
				7BA7F1C5245B9E2500E330D1 /* LoginManager.swift */,
				7BA7F1C2245B9E2500E330D1 /* LoginView+Button.swift */,
				7BA7F1C3245B9E2500E330D1 /* LoginView.swift */,
				7BA7F1C4245B9E2500E330D1 /* SignupView+Button.swift */,
				7BA7F1C6245B9E2500E330D1 /* SignupView.swift */,
			);
			path = LoginManager;
			sourceTree = "<group>";
		};
		7BAB8DF0244BB50E00997AD6 = {
			isa = PBXGroup;
			children = (
				7BAB8DFB244BB50E00997AD6 /* Pluto */,
				7BAB8DFA244BB50E00997AD6 /* Products */,
				AB519FE9AD2E336C55CDB576 /* Pods */,
				974BC46D4B048257899070FB /* Frameworks */,
			);
			sourceTree = "<group>";
		};
		7BAB8DFA244BB50E00997AD6 /* Products */ = {
			isa = PBXGroup;
			children = (
				7BAB8DF9244BB50E00997AD6 /* Pluto.app */,
			);
			name = Products;
			sourceTree = "<group>";
		};
		7BAB8DFB244BB50E00997AD6 /* Pluto */ = {
			isa = PBXGroup;
			children = (
				7BAB8DFC244BB50E00997AD6 /* AppDelegate.swift */,
				7B8D19B1244C09BD00F95F5B /* Utility.swift */,
				7BAB8E00244BB50E00997AD6 /* ViewController.swift */,
				7B03AF25245648C30015C19F /* Pluto.swift */,
				7B8D19B3244C0A0D00F95F5B /* HomeTabBarVC.swift */,
				7BA7F1C1245B9E2500E330D1 /* LoginManager */,
				7B293E7A244E82D4003EE7BA /* Swipe */,
				7B293E72244CC5E3003EE7BA /* InterestProfile */,
				7B9223DC245299070057DECF /* Connection */,
				7B293E6D244CC4A0003EE7BA /* UserProfile */,
				7B8D19AE244C096900F95F5B /* Directory */,
				7B9223D92452119C0057DECF /* MyProfile */,
				7BC911512455336200010D1B /* Settings */,
				7BA7F193245B665E00E330D1 /* Shuffle */,
				7BAB8E02244BB50E00997AD6 /* Main.storyboard */,
				7BAB8E05244BB51100997AD6 /* Assets.xcassets */,
				7BAB8E07244BB51100997AD6 /* LaunchScreen.storyboard */,
				7BAB8E0A244BB51100997AD6 /* Info.plist */,
				7BAB8E10244BB6F900997AD6 /* GoogleService-Info.plist */,
			);
			path = Pluto;
			sourceTree = "<group>";
		};
		7BC911512455336200010D1B /* Settings */ = {
			isa = PBXGroup;
			children = (
				7BC911522455337800010D1B /* SettingsVC.swift */,
				7B03AF2224560B240015C19F /* InfoVC.swift */,
			);
			path = Settings;
			sourceTree = "<group>";
		};
		7BE53B512467D6480016F85E /* MemberStack */ = {
			isa = PBXGroup;
			children = (
				7B293E7E244E82D4003EE7BA /* MembersStackView.swift */,
				7BE53B522467D66A0016F85E /* MemberCell.swift */,
			);
			path = MemberStack;
			sourceTree = "<group>";
		};
		974BC46D4B048257899070FB /* Frameworks */ = {
			isa = PBXGroup;
			children = (
				D46D77F7A7890B9A0F51CD19 /* Pods_Pluto.framework */,
			);
			name = Frameworks;
			sourceTree = "<group>";
		};
		AB519FE9AD2E336C55CDB576 /* Pods */ = {
			isa = PBXGroup;
			children = (
				F40BFB02DEC767AA9A665CA4 /* Pods-Pluto.debug.xcconfig */,
				78B2CCD9E46C2CFA21DDE793 /* Pods-Pluto.release.xcconfig */,
			);
			path = Pods;
			sourceTree = "<group>";
		};
/* End PBXGroup section */

/* Begin PBXNativeTarget section */
		7BAB8DF8244BB50E00997AD6 /* Pluto */ = {
			isa = PBXNativeTarget;
			buildConfigurationList = 7BAB8E0D244BB51100997AD6 /* Build configuration list for PBXNativeTarget "Pluto" */;
			buildPhases = (
				F3981C12A9694B7DBD002A3D /* [CP] Check Pods Manifest.lock */,
				7BAB8DF5244BB50E00997AD6 /* Sources */,
				7BAB8DF6244BB50E00997AD6 /* Frameworks */,
				7BAB8DF7244BB50E00997AD6 /* Resources */,
				223C6DD382E41EBC19546109 /* [CP] Embed Pods Frameworks */,
			);
			buildRules = (
			);
			dependencies = (
			);
			name = Pluto;
			productName = Pluto;
			productReference = 7BAB8DF9244BB50E00997AD6 /* Pluto.app */;
			productType = "com.apple.product-type.application";
		};
/* End PBXNativeTarget section */

/* Begin PBXProject section */
		7BAB8DF1244BB50E00997AD6 /* Project object */ = {
			isa = PBXProject;
			attributes = {
				LastSwiftUpdateCheck = 1140;
				LastUpgradeCheck = 1140;
				ORGANIZATIONNAME = BUMP;
				TargetAttributes = {
					7BAB8DF8244BB50E00997AD6 = {
						CreatedOnToolsVersion = 11.4.1;
					};
				};
			};
			buildConfigurationList = 7BAB8DF4244BB50E00997AD6 /* Build configuration list for PBXProject "Pluto" */;
			compatibilityVersion = "Xcode 9.3";
			developmentRegion = en;
			hasScannedForEncodings = 0;
			knownRegions = (
				en,
				Base,
			);
			mainGroup = 7BAB8DF0244BB50E00997AD6;
			productRefGroup = 7BAB8DFA244BB50E00997AD6 /* Products */;
			projectDirPath = "";
			projectRoot = "";
			targets = (
				7BAB8DF8244BB50E00997AD6 /* Pluto */,
			);
		};
/* End PBXProject section */

/* Begin PBXResourcesBuildPhase section */
		7BAB8DF7244BB50E00997AD6 /* Resources */ = {
			isa = PBXResourcesBuildPhase;
			buildActionMask = 2147483647;
			files = (
				7BAB8E09244BB51100997AD6 /* LaunchScreen.storyboard in Resources */,
				7BAB8E11244BB6F900997AD6 /* GoogleService-Info.plist in Resources */,
				7BAB8E06244BB51100997AD6 /* Assets.xcassets in Resources */,
				7BAB8E04244BB50E00997AD6 /* Main.storyboard in Resources */,
			);
			runOnlyForDeploymentPostprocessing = 0;
		};
/* End PBXResourcesBuildPhase section */

/* Begin PBXShellScriptBuildPhase section */
		223C6DD382E41EBC19546109 /* [CP] Embed Pods Frameworks */ = {
			isa = PBXShellScriptBuildPhase;
			buildActionMask = 2147483647;
			files = (
			);
			inputFileListPaths = (
				"${PODS_ROOT}/Target Support Files/Pods-Pluto/Pods-Pluto-frameworks-${CONFIGURATION}-input-files.xcfilelist",
			);
			name = "[CP] Embed Pods Frameworks";
			outputFileListPaths = (
				"${PODS_ROOT}/Target Support Files/Pods-Pluto/Pods-Pluto-frameworks-${CONFIGURATION}-output-files.xcfilelist",
			);
			runOnlyForDeploymentPostprocessing = 0;
			shellPath = /bin/sh;
			shellScript = "\"${PODS_ROOT}/Target Support Files/Pods-Pluto/Pods-Pluto-frameworks.sh\"\n";
			showEnvVarsInLog = 0;
		};
		F3981C12A9694B7DBD002A3D /* [CP] Check Pods Manifest.lock */ = {
			isa = PBXShellScriptBuildPhase;
			buildActionMask = 2147483647;
			files = (
			);
			inputFileListPaths = (
			);
			inputPaths = (
				"${PODS_PODFILE_DIR_PATH}/Podfile.lock",
				"${PODS_ROOT}/Manifest.lock",
			);
			name = "[CP] Check Pods Manifest.lock";
			outputFileListPaths = (
			);
			outputPaths = (
				"$(DERIVED_FILE_DIR)/Pods-Pluto-checkManifestLockResult.txt",
			);
			runOnlyForDeploymentPostprocessing = 0;
			shellPath = /bin/sh;
			shellScript = "diff \"${PODS_PODFILE_DIR_PATH}/Podfile.lock\" \"${PODS_ROOT}/Manifest.lock\" > /dev/null\nif [ $? != 0 ] ; then\n    # print error to STDERR\n    echo \"error: The sandbox is not in sync with the Podfile.lock. Run 'pod install' or update your CocoaPods installation.\" >&2\n    exit 1\nfi\n# This output is used by Xcode 'outputs' to avoid re-running this script phase.\necho \"SUCCESS\" > \"${SCRIPT_OUTPUT_FILE_0}\"\n";
			showEnvVarsInLog = 0;
		};
/* End PBXShellScriptBuildPhase section */

/* Begin PBXSourcesBuildPhase section */
		7BAB8DF5244BB50E00997AD6 /* Sources */ = {
			isa = PBXSourcesBuildPhase;
			buildActionMask = 2147483647;
			files = (
				7B8D19B6244C0A4100F95F5B /* DirectoryVC.swift in Sources */,
				7B8D19B2244C09BD00F95F5B /* Utility.swift in Sources */,
				7BA7F1B0245B665F00E330D1 /* CardAnimator.swift in Sources */,
				7BA7F1AC245B665F00E330D1 /* CardLayoutProvider.swift in Sources */,
				7B03AF26245648C30015C19F /* Pluto.swift in Sources */,
				7BA7F1AD245B665F00E330D1 /* CardAnimationOptions.swift in Sources */,
				7B1FBA872450BC0A0090BA60 /* InterestsFetcher.swift in Sources */,
				7BA7F1B5245B665F00E330D1 /* CardStackAnimator.swift in Sources */,
				7B293E79244CC671003EE7BA /* UsersFetcher.swift in Sources */,
				7B293E8A244E82D5003EE7BA /* SampleCard.swift in Sources */,
				7B293E8C244E82D5003EE7BA /* SampleCardOverlay.swift in Sources */,
				7B232585245114F800CDD49F /* UserProfile+Fetcher.swift in Sources */,
				7B293E77244CC61D003EE7BA /* Interest.swift in Sources */,
				7B03AF2324560B240015C19F /* InfoVC.swift in Sources */,
				7B293E8E244E82D5003EE7BA /* SampleCardModel.swift in Sources */,
				7B8D19BA244C1B0900F95F5B /* User.swift in Sources */,
				7BC9115024552A6900010D1B /* ConnectionVC+Fetcher.swift in Sources */,
				7BC911532455337800010D1B /* SettingsVC.swift in Sources */,
				7B0FC1E72454BDAF002DE71F /* MyProfileVC+Edit.swift in Sources */,
				7B293E8B244E82D5003EE7BA /* SampleCardContentView.swift in Sources */,
				7BA018AD2451711300228372 /* InterestProfile+Fetcher.swift in Sources */,
				7BA7F1B4245B665F00E330D1 /* CardStackAnimationOptions.swift in Sources */,
				7BA7F1BB245B665F00E330D1 /* SwipeDirection.swift in Sources */,
				7BA7F1CA245B9E2500E330D1 /* LoginManager.swift in Sources */,
				7BF82F7324539377005C3ED7 /* MyUserProfileFetcher.swift in Sources */,
				7BA7F1AF245B665F00E330D1 /* CardTransformProvider.swift in Sources */,
				7BA7F1BA245B665F00E330D1 /* CardStackStateManager.swift in Sources */,
				7BCBC580245D4C0000CF7391 /* MyUserFetcher.swift in Sources */,
				7BA7F1C9245B9E2500E330D1 /* SignupView+Button.swift in Sources */,
				7BA7F1BE245B665F00E330D1 /* UIView+Extensions.swift in Sources */,
				7B9223DE2452991A0057DECF /* ConnectionVC.swift in Sources */,
				7B293E87244E82D5003EE7BA /* ButtonStackView.swift in Sources */,
				7B8D19BC244C20B000F95F5B /* DirectoryVC+Fetcher.swift in Sources */,
				7BA7F1BC245B665F00E330D1 /* Array+Extensions.swift in Sources */,
				7BAB8E01244BB50E00997AD6 /* ViewController.swift in Sources */,
				7BA7F1B6245B665F00E330D1 /* SwipeCardStack.swift in Sources */,
				7BA7F1C0245B665F00E330D1 /* Animator.swift in Sources */,
				7BA7F1B9245B665F00E330D1 /* CardStackLayoutProvider.swift in Sources */,
				7B293E6F244CC4C8003EE7BA /* UserProfileVC.swift in Sources */,
				7B293E86244E82D5003EE7BA /* SwipeVC.swift in Sources */,
				7B9223DB245211AC0057DECF /* MyProfileVC.swift in Sources */,
				7B9154122457F60900BEB0FB /* SwipeVC+Fetcher.swift in Sources */,
				7BA7F1B3245B665F00E330D1 /* SwipeCardStackDataSource.swift in Sources */,
				7BA7F1C7245B9E2500E330D1 /* LoginView+Button.swift in Sources */,
				7BA7F1B7245B665F00E330D1 /* CardStackTransformProvider.swift in Sources */,
				7BA7F1C8245B9E2500E330D1 /* LoginView.swift in Sources */,
				7B8D19B8244C1AE900F95F5B /* DirectoryFetcher.swift in Sources */,
				7BA7F1BD245B665F00E330D1 /* CGVector+Extensions.swift in Sources */,
				7BAB8DFD244BB50E00997AD6 /* AppDelegate.swift in Sources */,
				7B293E88244E82D5003EE7BA /* MembersStackView.swift in Sources */,
				7B293E89244E82D5003EE7BA /* TinderButton.swift in Sources */,
				7BA7F1BF245B665F00E330D1 /* CGPoint+Extensions.swift in Sources */,
				7B6C3B3124594944004DBD9B /* MyProfileVC+Fetcher.swift in Sources */,
				7B9B9D572453CA5B001D1181 /* SwipeManager.swift in Sources */,
				7B9154142457F89300BEB0FB /* SwipeVC+Cardstack.swift in Sources */,
				7B293E74244CC5F9003EE7BA /* InterestProfileVC.swift in Sources */,
				7B0FC1EB2454C28E002DE71F /* MyProfileEditor.swift in Sources */,
				7B8D19B4244C0A0D00F95F5B /* HomeTabBarVC.swift in Sources */,
				7BA7F1B1245B665F00E330D1 /* SwipeCardDelegate.swift in Sources */,
				7BA7F1B8245B665F00E330D1 /* SwipeCardStackDelegate.swift in Sources */,
				7B293E8D244E82D5003EE7BA /* SampleCardFooterView.swift in Sources */,
				7BA7F1CB245B9E2500E330D1 /* SignupView.swift in Sources */,
				7BA7F1AE245B665F00E330D1 /* SwipeView.swift in Sources */,
				7BA7F1B2245B665F00E330D1 /* SwipeCard.swift in Sources */,
				7BE53B532467D66A0016F85E /* MemberCell.swift in Sources */,
				7B9B9D552453B36B001D1181 /* Connection.swift in Sources */,
			);
			runOnlyForDeploymentPostprocessing = 0;
		};
/* End PBXSourcesBuildPhase section */

/* Begin PBXVariantGroup section */
		7BAB8E02244BB50E00997AD6 /* Main.storyboard */ = {
			isa = PBXVariantGroup;
			children = (
				7BAB8E03244BB50E00997AD6 /* Base */,
			);
			name = Main.storyboard;
			sourceTree = "<group>";
		};
		7BAB8E07244BB51100997AD6 /* LaunchScreen.storyboard */ = {
			isa = PBXVariantGroup;
			children = (
				7BAB8E08244BB51100997AD6 /* Base */,
			);
			name = LaunchScreen.storyboard;
			sourceTree = "<group>";
		};
/* End PBXVariantGroup section */

/* Begin XCBuildConfiguration section */
		7BAB8E0B244BB51100997AD6 /* Debug */ = {
			isa = XCBuildConfiguration;
			buildSettings = {
				ALWAYS_SEARCH_USER_PATHS = NO;
				CLANG_ANALYZER_NONNULL = YES;
				CLANG_ANALYZER_NUMBER_OBJECT_CONVERSION = YES_AGGRESSIVE;
				CLANG_CXX_LANGUAGE_STANDARD = "gnu++14";
				CLANG_CXX_LIBRARY = "libc++";
				CLANG_ENABLE_MODULES = YES;
				CLANG_ENABLE_OBJC_ARC = YES;
				CLANG_ENABLE_OBJC_WEAK = YES;
				CLANG_WARN_BLOCK_CAPTURE_AUTORELEASING = YES;
				CLANG_WARN_BOOL_CONVERSION = YES;
				CLANG_WARN_COMMA = YES;
				CLANG_WARN_CONSTANT_CONVERSION = YES;
				CLANG_WARN_DEPRECATED_OBJC_IMPLEMENTATIONS = YES;
				CLANG_WARN_DIRECT_OBJC_ISA_USAGE = YES_ERROR;
				CLANG_WARN_DOCUMENTATION_COMMENTS = YES;
				CLANG_WARN_EMPTY_BODY = YES;
				CLANG_WARN_ENUM_CONVERSION = YES;
				CLANG_WARN_INFINITE_RECURSION = YES;
				CLANG_WARN_INT_CONVERSION = YES;
				CLANG_WARN_NON_LITERAL_NULL_CONVERSION = YES;
				CLANG_WARN_OBJC_IMPLICIT_RETAIN_SELF = YES;
				CLANG_WARN_OBJC_LITERAL_CONVERSION = YES;
				CLANG_WARN_OBJC_ROOT_CLASS = YES_ERROR;
				CLANG_WARN_RANGE_LOOP_ANALYSIS = YES;
				CLANG_WARN_STRICT_PROTOTYPES = YES;
				CLANG_WARN_SUSPICIOUS_MOVE = YES;
				CLANG_WARN_UNGUARDED_AVAILABILITY = YES_AGGRESSIVE;
				CLANG_WARN_UNREACHABLE_CODE = YES;
				CLANG_WARN__DUPLICATE_METHOD_MATCH = YES;
				COPY_PHASE_STRIP = NO;
				DEBUG_INFORMATION_FORMAT = dwarf;
				ENABLE_STRICT_OBJC_MSGSEND = YES;
				ENABLE_TESTABILITY = YES;
				GCC_C_LANGUAGE_STANDARD = gnu11;
				GCC_DYNAMIC_NO_PIC = NO;
				GCC_NO_COMMON_BLOCKS = YES;
				GCC_OPTIMIZATION_LEVEL = 0;
				GCC_PREPROCESSOR_DEFINITIONS = (
					"DEBUG=1",
					"$(inherited)",
				);
				GCC_WARN_64_TO_32_BIT_CONVERSION = YES;
				GCC_WARN_ABOUT_RETURN_TYPE = YES_ERROR;
				GCC_WARN_UNDECLARED_SELECTOR = YES;
				GCC_WARN_UNINITIALIZED_AUTOS = YES_AGGRESSIVE;
				GCC_WARN_UNUSED_FUNCTION = YES;
				GCC_WARN_UNUSED_VARIABLE = YES;
				IPHONEOS_DEPLOYMENT_TARGET = 13.4;
				MTL_ENABLE_DEBUG_INFO = INCLUDE_SOURCE;
				MTL_FAST_MATH = YES;
				ONLY_ACTIVE_ARCH = YES;
				SDKROOT = iphoneos;
				SWIFT_ACTIVE_COMPILATION_CONDITIONS = DEBUG;
				SWIFT_OPTIMIZATION_LEVEL = "-Onone";
			};
			name = Debug;
		};
		7BAB8E0C244BB51100997AD6 /* Release */ = {
			isa = XCBuildConfiguration;
			buildSettings = {
				ALWAYS_SEARCH_USER_PATHS = NO;
				CLANG_ANALYZER_NONNULL = YES;
				CLANG_ANALYZER_NUMBER_OBJECT_CONVERSION = YES_AGGRESSIVE;
				CLANG_CXX_LANGUAGE_STANDARD = "gnu++14";
				CLANG_CXX_LIBRARY = "libc++";
				CLANG_ENABLE_MODULES = YES;
				CLANG_ENABLE_OBJC_ARC = YES;
				CLANG_ENABLE_OBJC_WEAK = YES;
				CLANG_WARN_BLOCK_CAPTURE_AUTORELEASING = YES;
				CLANG_WARN_BOOL_CONVERSION = YES;
				CLANG_WARN_COMMA = YES;
				CLANG_WARN_CONSTANT_CONVERSION = YES;
				CLANG_WARN_DEPRECATED_OBJC_IMPLEMENTATIONS = YES;
				CLANG_WARN_DIRECT_OBJC_ISA_USAGE = YES_ERROR;
				CLANG_WARN_DOCUMENTATION_COMMENTS = YES;
				CLANG_WARN_EMPTY_BODY = YES;
				CLANG_WARN_ENUM_CONVERSION = YES;
				CLANG_WARN_INFINITE_RECURSION = YES;
				CLANG_WARN_INT_CONVERSION = YES;
				CLANG_WARN_NON_LITERAL_NULL_CONVERSION = YES;
				CLANG_WARN_OBJC_IMPLICIT_RETAIN_SELF = YES;
				CLANG_WARN_OBJC_LITERAL_CONVERSION = YES;
				CLANG_WARN_OBJC_ROOT_CLASS = YES_ERROR;
				CLANG_WARN_RANGE_LOOP_ANALYSIS = YES;
				CLANG_WARN_STRICT_PROTOTYPES = YES;
				CLANG_WARN_SUSPICIOUS_MOVE = YES;
				CLANG_WARN_UNGUARDED_AVAILABILITY = YES_AGGRESSIVE;
				CLANG_WARN_UNREACHABLE_CODE = YES;
				CLANG_WARN__DUPLICATE_METHOD_MATCH = YES;
				COPY_PHASE_STRIP = NO;
				DEBUG_INFORMATION_FORMAT = "dwarf-with-dsym";
				ENABLE_NS_ASSERTIONS = NO;
				ENABLE_STRICT_OBJC_MSGSEND = YES;
				GCC_C_LANGUAGE_STANDARD = gnu11;
				GCC_NO_COMMON_BLOCKS = YES;
				GCC_WARN_64_TO_32_BIT_CONVERSION = YES;
				GCC_WARN_ABOUT_RETURN_TYPE = YES_ERROR;
				GCC_WARN_UNDECLARED_SELECTOR = YES;
				GCC_WARN_UNINITIALIZED_AUTOS = YES_AGGRESSIVE;
				GCC_WARN_UNUSED_FUNCTION = YES;
				GCC_WARN_UNUSED_VARIABLE = YES;
				IPHONEOS_DEPLOYMENT_TARGET = 13.4;
				MTL_ENABLE_DEBUG_INFO = NO;
				MTL_FAST_MATH = YES;
				SDKROOT = iphoneos;
				SWIFT_COMPILATION_MODE = wholemodule;
				SWIFT_OPTIMIZATION_LEVEL = "-O";
				VALIDATE_PRODUCT = YES;
			};
			name = Release;
		};
		7BAB8E0E244BB51100997AD6 /* Debug */ = {
			isa = XCBuildConfiguration;
			baseConfigurationReference = F40BFB02DEC767AA9A665CA4 /* Pods-Pluto.debug.xcconfig */;
			buildSettings = {
				ASSETCATALOG_COMPILER_APPICON_NAME = AppIcon;
				CODE_SIGN_STYLE = Automatic;
				DEVELOPMENT_TEAM = 4Y744KKUHU;
				INFOPLIST_FILE = Pluto/Info.plist;
				IPHONEOS_DEPLOYMENT_TARGET = 13.0;
				LD_RUNPATH_SEARCH_PATHS = (
					"$(inherited)",
					"@executable_path/Frameworks",
				);
				MARKETING_VERSION = 1.01;
				PRODUCT_BUNDLE_IDENTIFIER = com.theBumpInitiative.Pluto;
				PRODUCT_NAME = "$(TARGET_NAME)";
				SWIFT_VERSION = 5.0;
				TARGETED_DEVICE_FAMILY = 1;
			};
			name = Debug;
		};
		7BAB8E0F244BB51100997AD6 /* Release */ = {
			isa = XCBuildConfiguration;
			baseConfigurationReference = 78B2CCD9E46C2CFA21DDE793 /* Pods-Pluto.release.xcconfig */;
			buildSettings = {
				ASSETCATALOG_COMPILER_APPICON_NAME = AppIcon;
				CODE_SIGN_STYLE = Automatic;
				DEVELOPMENT_TEAM = 4Y744KKUHU;
				INFOPLIST_FILE = Pluto/Info.plist;
				IPHONEOS_DEPLOYMENT_TARGET = 13.0;
				LD_RUNPATH_SEARCH_PATHS = (
					"$(inherited)",
					"@executable_path/Frameworks",
				);
				MARKETING_VERSION = 1.01;
				PRODUCT_BUNDLE_IDENTIFIER = com.theBumpInitiative.Pluto;
				PRODUCT_NAME = "$(TARGET_NAME)";
				SWIFT_VERSION = 5.0;
				TARGETED_DEVICE_FAMILY = 1;
			};
			name = Release;
		};
/* End XCBuildConfiguration section */

/* Begin XCConfigurationList section */
		7BAB8DF4244BB50E00997AD6 /* Build configuration list for PBXProject "Pluto" */ = {
			isa = XCConfigurationList;
			buildConfigurations = (
				7BAB8E0B244BB51100997AD6 /* Debug */,
				7BAB8E0C244BB51100997AD6 /* Release */,
			);
			defaultConfigurationIsVisible = 0;
			defaultConfigurationName = Release;
		};
		7BAB8E0D244BB51100997AD6 /* Build configuration list for PBXNativeTarget "Pluto" */ = {
			isa = XCConfigurationList;
			buildConfigurations = (
				7BAB8E0E244BB51100997AD6 /* Debug */,
				7BAB8E0F244BB51100997AD6 /* Release */,
			);
			defaultConfigurationIsVisible = 0;
			defaultConfigurationName = Release;
		};
/* End XCConfigurationList section */
	};
	rootObject = 7BAB8DF1244BB50E00997AD6 /* Project object */;
}
